
Microsoft Visual Studio Solution File, Format Version 12.00
# Visual Studio 15
VisualStudioVersion = 15.0.26124.0
MinimumVisualStudioVersion = 15.0.26124.0
Project("{FAE04EC0-301F-11D3-BF4B-00C04F79EFBC}") = "Theatreers.Company", "Theatreers.Company\Theatreers.Company.csproj", "{A535C3FA-8BCF-498E-8888-E9EF229BDB8D}"
EndProject
Project("{FAE04EC0-301F-11D3-BF4B-00C04F79EFBC}") = "Theatreers.Company.tests", "Theatreers.Company.tests\Theatreers.Company.tests.csproj", "{BE78C622-F5D4-45C5-8986-84CAC830D246}"
EndProject
Global
	GlobalSection(SolutionConfigurationPlatforms) = preSolution
		Debug|Any CPU = Debug|Any CPU
		Debug|x64 = Debug|x64
		Debug|x86 = Debug|x86
		Release|Any CPU = Release|Any CPU
		Release|x64 = Release|x64
		Release|x86 = Release|x86
	EndGlobalSection
	GlobalSection(SolutionProperties) = preSolution
		HideSolutionNode = FALSE
	EndGlobalSection
	GlobalSection(ProjectConfigurationPlatforms) = postSolution
		{A535C3FA-8BCF-498E-8888-E9EF229BDB8D}.Debug|Any CPU.ActiveCfg = Debug|Any CPU
		{A535C3FA-8BCF-498E-8888-E9EF229BDB8D}.Debug|Any CPU.Build.0 = Debug|Any CPU
		{A535C3FA-8BCF-498E-8888-E9EF229BDB8D}.Debug|x64.ActiveCfg = Debug|Any CPU
		{A535C3FA-8BCF-498E-8888-E9EF229BDB8D}.Debug|x64.Build.0 = Debug|Any CPU
		{A535C3FA-8BCF-498E-8888-E9EF229BDB8D}.Debug|x86.ActiveCfg = Debug|Any CPU
		{A535C3FA-8BCF-498E-8888-E9EF229BDB8D}.Debug|x86.Build.0 = Debug|Any CPU
		{A535C3FA-8BCF-498E-8888-E9EF229BDB8D}.Release|Any CPU.ActiveCfg = Release|Any CPU
		{A535C3FA-8BCF-498E-8888-E9EF229BDB8D}.Release|Any CPU.Build.0 = Release|Any CPU
		{A535C3FA-8BCF-498E-8888-E9EF229BDB8D}.Release|x64.ActiveCfg = Release|Any CPU
		{A535C3FA-8BCF-498E-8888-E9EF229BDB8D}.Release|x64.Build.0 = Release|Any CPU
		{A535C3FA-8BCF-498E-8888-E9EF229BDB8D}.Release|x86.ActiveCfg = Release|Any CPU
		{A535C3FA-8BCF-498E-8888-E9EF229BDB8D}.Release|x86.Build.0 = Release|Any CPU
		{BE78C622-F5D4-45C5-8986-84CAC830D246}.Debug|Any CPU.ActiveCfg = Debug|Any CPU
		{BE78C622-F5D4-45C5-8986-84CAC830D246}.Debug|Any CPU.Build.0 = Debug|Any CPU
		{BE78C622-F5D4-45C5-8986-84CAC830D246}.Debug|x64.ActiveCfg = Debug|Any CPU
		{BE78C622-F5D4-45C5-8986-84CAC830D246}.Debug|x64.Build.0 = Debug|Any CPU
		{BE78C622-F5D4-45C5-8986-84CAC830D246}.Debug|x86.ActiveCfg = Debug|Any CPU
		{BE78C622-F5D4-45C5-8986-84CAC830D246}.Debug|x86.Build.0 = Debug|Any CPU
		{BE78C622-F5D4-45C5-8986-84CAC830D246}.Release|Any CPU.ActiveCfg = Release|Any CPU
		{BE78C622-F5D4-45C5-8986-84CAC830D246}.Release|Any CPU.Build.0 = Release|Any CPU
		{BE78C622-F5D4-45C5-8986-84CAC830D246}.Release|x64.ActiveCfg = Release|Any CPU
		{BE78C622-F5D4-45C5-8986-84CAC830D246}.Release|x64.Build.0 = Release|Any CPU
		{BE78C622-F5D4-45C5-8986-84CAC830D246}.Release|x86.ActiveCfg = Release|Any CPU
		{BE78C622-F5D4-45C5-8986-84CAC830D246}.Release|x86.Build.0 = Release|Any CPU
	EndGlobalSection
EndGlobal
